
Microsoft Visual Studio Solution File, Format Version 12.00
# Visual Studio Version 18
VisualStudioVersion = 18.5.11801.241
MinimumVisualStudioVersion = 10.0.40219.1
Project("{FAE04EC0-301F-11D3-BF4B-00C04F79EFBC}") = "SteamPlaytimeTracker", "SteamPlaytimeTracker\SteamPlaytimeTracker.csproj", "{CC87DFE1-656A-4869-A8E3-C58DFBE9EAA1}"
EndProject
Project("{FAE04EC0-301F-11D3-BF4B-00C04F79EFBC}") = "Tests", "Tests\Tests.csproj", "{1527D0C0-2402-4DD2-B631-A70A217AF3B6}"
EndProject
Project("{FAE04EC0-301F-11D3-BF4B-00C04F79EFBC}") = "Updater", "Updater\Updater.csproj", "{987CD441-3BAB-41BD-A8AD-A70EE15C1346}"
EndProject
Project("{2150E333-8FDC-42A3-9474-1A3956D46DE8}") = "Solution Items", "Solution Items", "{F6C7D01F-B31E-4410-BD04-B33A064DBC62}"
	ProjectSection(SolutionItems) = preProject
		.editorconfig = .editorconfig
	EndProjectSection
EndProject
Project("{FAE04EC0-301F-11D3-BF4B-00C04F79EFBC}") = "Installer", "Installer\Installer.csproj", "{248F403C-AA9D-47FF-8178-7947C8F8A4FF}"
EndProject
Project("{FAE04EC0-301F-11D3-BF4B-00C04F79EFBC}") = "Common", "Common\Common.csproj", "{FDF6A568-357A-482D-806E-3AB08D911D6F}"
EndProject
Global
	GlobalSection(SolutionConfigurationPlatforms) = preSolution
		Debug|Any CPU = Debug|Any CPU
		Release|Any CPU = Release|Any CPU
	EndGlobalSection
	GlobalSection(ProjectConfigurationPlatforms) = postSolution
		{CC87DFE1-656A-4869-A8E3-C58DFBE9EAA1}.Debug|Any CPU.ActiveCfg = Debug|Any CPU
		{CC87DFE1-656A-4869-A8E3-C58DFBE9EAA1}.Debug|Any CPU.Build.0 = Debug|Any CPU
		{CC87DFE1-656A-4869-A8E3-C58DFBE9EAA1}.Release|Any CPU.ActiveCfg = Release|Any CPU
		{CC87DFE1-656A-4869-A8E3-C58DFBE9EAA1}.Release|Any CPU.Build.0 = Release|Any CPU
		{1527D0C0-2402-4DD2-B631-A70A217AF3B6}.Debug|Any CPU.ActiveCfg = Debug|Any CPU
		{1527D0C0-2402-4DD2-B631-A70A217AF3B6}.Debug|Any CPU.Build.0 = Debug|Any CPU
		{1527D0C0-2402-4DD2-B631-A70A217AF3B6}.Release|Any CPU.ActiveCfg = Release|Any CPU
		{1527D0C0-2402-4DD2-B631-A70A217AF3B6}.Release|Any CPU.Build.0 = Release|Any CPU
		{987CD441-3BAB-41BD-A8AD-A70EE15C1346}.Debug|Any CPU.ActiveCfg = Debug|Any CPU
		{987CD441-3BAB-41BD-A8AD-A70EE15C1346}.Debug|Any CPU.Build.0 = Debug|Any CPU
		{987CD441-3BAB-41BD-A8AD-A70EE15C1346}.Release|Any CPU.ActiveCfg = Release|Any CPU
		{987CD441-3BAB-41BD-A8AD-A70EE15C1346}.Release|Any CPU.Build.0 = Release|Any CPU
		{248F403C-AA9D-47FF-8178-7947C8F8A4FF}.Debug|Any CPU.ActiveCfg = Debug|Any CPU
		{248F403C-AA9D-47FF-8178-7947C8F8A4FF}.Debug|Any CPU.Build.0 = Debug|Any CPU
		{248F403C-AA9D-47FF-8178-7947C8F8A4FF}.Release|Any CPU.ActiveCfg = Release|Any CPU
		{248F403C-AA9D-47FF-8178-7947C8F8A4FF}.Release|Any CPU.Build.0 = Release|Any CPU
		{FDF6A568-357A-482D-806E-3AB08D911D6F}.Debug|Any CPU.ActiveCfg = Debug|Any CPU
		{FDF6A568-357A-482D-806E-3AB08D911D6F}.Debug|Any CPU.Build.0 = Debug|Any CPU
		{FDF6A568-357A-482D-806E-3AB08D911D6F}.Release|Any CPU.ActiveCfg = Release|Any CPU
		{FDF6A568-357A-482D-806E-3AB08D911D6F}.Release|Any CPU.Build.0 = Release|Any CPU
	EndGlobalSection
	GlobalSection(SolutionProperties) = preSolution
		HideSolutionNode = FALSE
	EndGlobalSection
	GlobalSection(ExtensibilityGlobals) = postSolution
		SolutionGuid = {BB1D04B4-186C-4282-B540-68F2DBDD8EF8}
	EndGlobalSection
EndGlobal
